
Microsoft Visual Studio Solution File, Format Version 12.00
# Visual Studio Version 17
VisualStudioVersion = 17.5.33414.496
MinimumVisualStudioVersion = 10.0.40219.1
Project("{FAE04EC0-301F-11D3-BF4B-00C04F79EFBC}") = "src\Compus.Domain", "src\Compus.Domain\Compus.Domain.csproj", "{36229DEE-4AB8-4B53-8A06-EBBDEC9F0ABB}"
EndProject
Global
	GlobalSection(SolutionConfigurationPlatforms) = preSolution
		Debug|Any CPU = Debug|Any CPU
		Release|Any CPU = Release|Any CPU
	EndGlobalSection
	GlobalSection(ProjectConfigurationPlatforms) = postSolution
		{36229DEE-4AB8-4B53-8A06-EBBDEC9F0ABB}.Debug|Any CPU.ActiveCfg = Debug|Any CPU
		{36229DEE-4AB8-4B53-8A06-EBBDEC9F0ABB}.Debug|Any CPU.Build.0 = Debug|Any CPU
		{36229DEE-4AB8-4B53-8A06-EBBDEC9F0ABB}.Release|Any CPU.ActiveCfg = Release|Any CPU
		{36229DEE-4AB8-4B53-8A06-EBBDEC9F0ABB}.Release|Any CPU.Build.0 = Release|Any CPU
	EndGlobalSection
	GlobalSection(SolutionProperties) = preSolution
		HideSolutionNode = FALSE
	EndGlobalSection
	GlobalSection(ExtensibilityGlobals) = postSolution
		SolutionGuid = {3219CF72-4168-4772-ADDF-4CC3C493791E}
	EndGlobalSection
EndGlobal
