Microsoft Visual Studio Solution File, Format Version 12.00
# Visual Studio Version 17
VisualStudioVersion = 17.5.33414.496
MinimumVisualStudioVersion = 10.0.40219.1
Project("{9A19103F-16F7-4668-BE54-9A1E7A4F7556}") = "Compus.Domain", "src\Compus.Domain\Compus.Domain.csproj", "{36229DEE-4AB8-4B53-8A06-EBBDEC9F0ABB}"
EndProject
Project("{FAE04EC0-301F-11D3-BF4B-00C04F79EFBC}") = "Compus.Tests", "tests\Compus.Tests\Compus.Tests.csproj", "{9F881AFA-EC03-4DC5-BD22-F942EBEA1A78}"
EndProject
Project("{2150E333-8FDC-42A3-9474-1A3956D46DE8}") = "Solution Items", "Solution Items", "{2F74390E-AAB7-4AA6-992A-9EA9A2376E75}"
	ProjectSection(SolutionItems) = preProject
		.editorconfig = .editorconfig
		Directory.Build.props = Directory.Build.props
	EndProjectSection
EndProject
Project("{FAE04EC0-301F-11D3-BF4B-00C04F79EFBC}") = "Compus.Application", "src\Compus.Application\Compus.Application.csproj", "{F7C054AA-9DD8-40EC-A36F-CF89BF899FB1}"
EndProject
Project("{FAE04EC0-301F-11D3-BF4B-00C04F79EFBC}") = "Compus.Web.API", "src\Compus.Web.API\Compus.Web.API.csproj", "{A7DA34E9-CA42-4EB7-884D-C72F1D9FC80B}"
EndProject
Project("{FAE04EC0-301F-11D3-BF4B-00C04F79EFBC}") = "Compus.Web.Client", "src\Compus.Web.Client\Compus.Web.Client.csproj", "{B844D596-1704-4CA1-9923-E9A77C3F7180}"
EndProject
Global
	GlobalSection(SolutionConfigurationPlatforms) = preSolution
		Debug|Any CPU = Debug|Any CPU
		Release|Any CPU = Release|Any CPU
	EndGlobalSection
	GlobalSection(ProjectConfigurationPlatforms) = postSolution
		{36229DEE-4AB8-4B53-8A06-EBBDEC9F0ABB}.Debug|Any CPU.ActiveCfg = Debug|Any CPU
		{36229DEE-4AB8-4B53-8A06-EBBDEC9F0ABB}.Debug|Any CPU.Build.0 = Debug|Any CPU
		{36229DEE-4AB8-4B53-8A06-EBBDEC9F0ABB}.Release|Any CPU.ActiveCfg = Release|Any CPU
		{36229DEE-4AB8-4B53-8A06-EBBDEC9F0ABB}.Release|Any CPU.Build.0 = Release|Any CPU
		{9F881AFA-EC03-4DC5-BD22-F942EBEA1A78}.Debug|Any CPU.ActiveCfg = Debug|Any CPU
		{9F881AFA-EC03-4DC5-BD22-F942EBEA1A78}.Debug|Any CPU.Build.0 = Debug|Any CPU
		{9F881AFA-EC03-4DC5-BD22-F942EBEA1A78}.Release|Any CPU.ActiveCfg = Release|Any CPU
		{9F881AFA-EC03-4DC5-BD22-F942EBEA1A78}.Release|Any CPU.Build.0 = Release|Any CPU
		{F7C054AA-9DD8-40EC-A36F-CF89BF899FB1}.Debug|Any CPU.ActiveCfg = Debug|Any CPU
		{F7C054AA-9DD8-40EC-A36F-CF89BF899FB1}.Debug|Any CPU.Build.0 = Debug|Any CPU
		{F7C054AA-9DD8-40EC-A36F-CF89BF899FB1}.Release|Any CPU.ActiveCfg = Release|Any CPU
		{F7C054AA-9DD8-40EC-A36F-CF89BF899FB1}.Release|Any CPU.Build.0 = Release|Any CPU
		{A7DA34E9-CA42-4EB7-884D-C72F1D9FC80B}.Debug|Any CPU.ActiveCfg = Debug|Any CPU
		{A7DA34E9-CA42-4EB7-884D-C72F1D9FC80B}.Debug|Any CPU.Build.0 = Debug|Any CPU
		{A7DA34E9-CA42-4EB7-884D-C72F1D9FC80B}.Release|Any CPU.ActiveCfg = Release|Any CPU
		{A7DA34E9-CA42-4EB7-884D-C72F1D9FC80B}.Release|Any CPU.Build.0 = Release|Any CPU
		{B844D596-1704-4CA1-9923-E9A77C3F7180}.Debug|Any CPU.ActiveCfg = Debug|Any CPU
		{B844D596-1704-4CA1-9923-E9A77C3F7180}.Debug|Any CPU.Build.0 = Debug|Any CPU
		{B844D596-1704-4CA1-9923-E9A77C3F7180}.Release|Any CPU.ActiveCfg = Release|Any CPU
		{B844D596-1704-4CA1-9923-E9A77C3F7180}.Release|Any CPU.Build.0 = Release|Any CPU
	EndGlobalSection
	GlobalSection(SolutionProperties) = preSolution
		HideSolutionNode = FALSE
	EndGlobalSection
	GlobalSection(ExtensibilityGlobals) = postSolution
		SolutionGuid = {3219CF72-4168-4772-ADDF-4CC3C493791E}
	EndGlobalSection
EndGlobal
