
Microsoft Visual Studio Solution File, Format Version 12.00
# Visual Studio Version 17
VisualStudioVersion = 17.5.33414.496
MinimumVisualStudioVersion = 10.0.40219.1
Project("{FAE04EC0-301F-11D3-BF4B-00C04F79EFBC}") = "BlazorApp1", "BlazorApp1\BlazorApp1.csproj", "{64E222F7-CBED-439B-80A5-95FC0B349C65}"
EndProject
Global
	GlobalSection(SolutionConfigurationPlatforms) = preSolution
		Debug|Any CPU = Debug|Any CPU
		Release|Any CPU = Release|Any CPU
	EndGlobalSection
	GlobalSection(ProjectConfigurationPlatforms) = postSolution
		{64E222F7-CBED-439B-80A5-95FC0B349C65}.Debug|Any CPU.ActiveCfg = Debug|Any CPU
		{64E222F7-CBED-439B-80A5-95FC0B349C65}.Debug|Any CPU.Build.0 = Debug|Any CPU
		{64E222F7-CBED-439B-80A5-95FC0B349C65}.Release|Any CPU.ActiveCfg = Release|Any CPU
		{64E222F7-CBED-439B-80A5-95FC0B349C65}.Release|Any CPU.Build.0 = Release|Any CPU
	EndGlobalSection
	GlobalSection(SolutionProperties) = preSolution
		HideSolutionNode = FALSE
	EndGlobalSection
	GlobalSection(ExtensibilityGlobals) = postSolution
		SolutionGuid = {2C019B4C-C6E5-4523-9AAC-486A19887349}
	EndGlobalSection
EndGlobal
